
Microsoft Visual Studio Solution File, Format Version 12.00
# Visual Studio Version 16
VisualStudioVersion = 16.6.30114.105
MinimumVisualStudioVersion = 10.0.40219.1
Project("{FAE04EC0-301F-11D3-BF4B-00C04F79EFBC}") = "SorterApp", "SorterApp\SorterApp.csproj", "{2CD65692-8A0B-4909-9759-281CF6A5F25D}"
EndProject
Project("{FAE04EC0-301F-11D3-BF4B-00C04F79EFBC}") = "FileReader", "FileReader\FileReader.csproj", "{81A15E51-FE88-4EED-94D1-D3B1EFB411FB}"
EndProject
Project("{FAE04EC0-301F-11D3-BF4B-00C04F79EFBC}") = "FileWriter", "FileWriter\FileWriter.csproj", "{176007F3-B6EE-40E4-8BE9-5E5D1395739A}"
EndProject
Project("{FAE04EC0-301F-11D3-BF4B-00C04F79EFBC}") = "NamesComparator", "NamesComparator\NamesComparator.csproj", "{FBD5E029-1F55-4443-952A-7094C1BA4F3F}"
EndProject
Project("{FAE04EC0-301F-11D3-BF4B-00C04F79EFBC}") = "GlobalxCodingAssesmentInterfaces", "GlobalxCodingAssesmentInterfaces\GlobalxCodingAssesmentInterfaces.csproj", "{B573B111-6A22-4A79-9626-7169815FFA8D}"
EndProject
Project("{FAE04EC0-301F-11D3-BF4B-00C04F79EFBC}") = "NamesSorter", "NamesSorter\NamesSorter.csproj", "{DB119204-44B7-4C79-B947-3E93A4A718E9}"
EndProject
Project("{FAE04EC0-301F-11D3-BF4B-00C04F79EFBC}") = "GlobalxCodingAssesmentTests", "GlobalxCodingAssesmentTests\GlobalxCodingAssesmentTests.csproj", "{FD00DEE6-D00A-4448-B98C-7108A7073CBD}"
EndProject
Global
	GlobalSection(SolutionConfigurationPlatforms) = preSolution
		Debug|Any CPU = Debug|Any CPU
		Debug|x64 = Debug|x64
		Debug|x86 = Debug|x86
		Release|Any CPU = Release|Any CPU
		Release|x64 = Release|x64
		Release|x86 = Release|x86
	EndGlobalSection
	GlobalSection(SolutionProperties) = preSolution
		HideSolutionNode = FALSE
	EndGlobalSection
	GlobalSection(ProjectConfigurationPlatforms) = postSolution
		{2CD65692-8A0B-4909-9759-281CF6A5F25D}.Debug|Any CPU.ActiveCfg = Debug|Any CPU
		{2CD65692-8A0B-4909-9759-281CF6A5F25D}.Debug|Any CPU.Build.0 = Debug|Any CPU
		{2CD65692-8A0B-4909-9759-281CF6A5F25D}.Debug|x64.ActiveCfg = Debug|Any CPU
		{2CD65692-8A0B-4909-9759-281CF6A5F25D}.Debug|x64.Build.0 = Debug|Any CPU
		{2CD65692-8A0B-4909-9759-281CF6A5F25D}.Debug|x86.ActiveCfg = Debug|Any CPU
		{2CD65692-8A0B-4909-9759-281CF6A5F25D}.Debug|x86.Build.0 = Debug|Any CPU
		{2CD65692-8A0B-4909-9759-281CF6A5F25D}.Release|Any CPU.ActiveCfg = Release|Any CPU
		{2CD65692-8A0B-4909-9759-281CF6A5F25D}.Release|Any CPU.Build.0 = Release|Any CPU
		{2CD65692-8A0B-4909-9759-281CF6A5F25D}.Release|x64.ActiveCfg = Release|Any CPU
		{2CD65692-8A0B-4909-9759-281CF6A5F25D}.Release|x64.Build.0 = Release|Any CPU
		{2CD65692-8A0B-4909-9759-281CF6A5F25D}.Release|x86.ActiveCfg = Release|Any CPU
		{2CD65692-8A0B-4909-9759-281CF6A5F25D}.Release|x86.Build.0 = Release|Any CPU
		{81A15E51-FE88-4EED-94D1-D3B1EFB411FB}.Debug|Any CPU.ActiveCfg = Debug|Any CPU
		{81A15E51-FE88-4EED-94D1-D3B1EFB411FB}.Debug|Any CPU.Build.0 = Debug|Any CPU
		{81A15E51-FE88-4EED-94D1-D3B1EFB411FB}.Debug|x64.ActiveCfg = Debug|Any CPU
		{81A15E51-FE88-4EED-94D1-D3B1EFB411FB}.Debug|x64.Build.0 = Debug|Any CPU
		{81A15E51-FE88-4EED-94D1-D3B1EFB411FB}.Debug|x86.ActiveCfg = Debug|Any CPU
		{81A15E51-FE88-4EED-94D1-D3B1EFB411FB}.Debug|x86.Build.0 = Debug|Any CPU
		{81A15E51-FE88-4EED-94D1-D3B1EFB411FB}.Release|Any CPU.ActiveCfg = Release|Any CPU
		{81A15E51-FE88-4EED-94D1-D3B1EFB411FB}.Release|Any CPU.Build.0 = Release|Any CPU
		{81A15E51-FE88-4EED-94D1-D3B1EFB411FB}.Release|x64.ActiveCfg = Release|Any CPU
		{81A15E51-FE88-4EED-94D1-D3B1EFB411FB}.Release|x64.Build.0 = Release|Any CPU
		{81A15E51-FE88-4EED-94D1-D3B1EFB411FB}.Release|x86.ActiveCfg = Release|Any CPU
		{81A15E51-FE88-4EED-94D1-D3B1EFB411FB}.Release|x86.Build.0 = Release|Any CPU
		{176007F3-B6EE-40E4-8BE9-5E5D1395739A}.Debug|Any CPU.ActiveCfg = Debug|Any CPU
		{176007F3-B6EE-40E4-8BE9-5E5D1395739A}.Debug|Any CPU.Build.0 = Debug|Any CPU
		{176007F3-B6EE-40E4-8BE9-5E5D1395739A}.Debug|x64.ActiveCfg = Debug|Any CPU
		{176007F3-B6EE-40E4-8BE9-5E5D1395739A}.Debug|x64.Build.0 = Debug|Any CPU
		{176007F3-B6EE-40E4-8BE9-5E5D1395739A}.Debug|x86.ActiveCfg = Debug|Any CPU
		{176007F3-B6EE-40E4-8BE9-5E5D1395739A}.Debug|x86.Build.0 = Debug|Any CPU
		{176007F3-B6EE-40E4-8BE9-5E5D1395739A}.Release|Any CPU.ActiveCfg = Release|Any CPU
		{176007F3-B6EE-40E4-8BE9-5E5D1395739A}.Release|Any CPU.Build.0 = Release|Any CPU
		{176007F3-B6EE-40E4-8BE9-5E5D1395739A}.Release|x64.ActiveCfg = Release|Any CPU
		{176007F3-B6EE-40E4-8BE9-5E5D1395739A}.Release|x64.Build.0 = Release|Any CPU
		{176007F3-B6EE-40E4-8BE9-5E5D1395739A}.Release|x86.ActiveCfg = Release|Any CPU
		{176007F3-B6EE-40E4-8BE9-5E5D1395739A}.Release|x86.Build.0 = Release|Any CPU
		{FBD5E029-1F55-4443-952A-7094C1BA4F3F}.Debug|Any CPU.ActiveCfg = Debug|Any CPU
		{FBD5E029-1F55-4443-952A-7094C1BA4F3F}.Debug|Any CPU.Build.0 = Debug|Any CPU
		{FBD5E029-1F55-4443-952A-7094C1BA4F3F}.Debug|x64.ActiveCfg = Debug|Any CPU
		{FBD5E029-1F55-4443-952A-7094C1BA4F3F}.Debug|x64.Build.0 = Debug|Any CPU
		{FBD5E029-1F55-4443-952A-7094C1BA4F3F}.Debug|x86.ActiveCfg = Debug|Any CPU
		{FBD5E029-1F55-4443-952A-7094C1BA4F3F}.Debug|x86.Build.0 = Debug|Any CPU
		{FBD5E029-1F55-4443-952A-7094C1BA4F3F}.Release|Any CPU.ActiveCfg = Release|Any CPU
		{FBD5E029-1F55-4443-952A-7094C1BA4F3F}.Release|Any CPU.Build.0 = Release|Any CPU
		{FBD5E029-1F55-4443-952A-7094C1BA4F3F}.Release|x64.ActiveCfg = Release|Any CPU
		{FBD5E029-1F55-4443-952A-7094C1BA4F3F}.Release|x64.Build.0 = Release|Any CPU
		{FBD5E029-1F55-4443-952A-7094C1BA4F3F}.Release|x86.ActiveCfg = Release|Any CPU
		{FBD5E029-1F55-4443-952A-7094C1BA4F3F}.Release|x86.Build.0 = Release|Any CPU
		{B573B111-6A22-4A79-9626-7169815FFA8D}.Debug|Any CPU.ActiveCfg = Debug|Any CPU
		{B573B111-6A22-4A79-9626-7169815FFA8D}.Debug|Any CPU.Build.0 = Debug|Any CPU
		{B573B111-6A22-4A79-9626-7169815FFA8D}.Debug|x64.ActiveCfg = Debug|Any CPU
		{B573B111-6A22-4A79-9626-7169815FFA8D}.Debug|x64.Build.0 = Debug|Any CPU
		{B573B111-6A22-4A79-9626-7169815FFA8D}.Debug|x86.ActiveCfg = Debug|Any CPU
		{B573B111-6A22-4A79-9626-7169815FFA8D}.Debug|x86.Build.0 = Debug|Any CPU
		{B573B111-6A22-4A79-9626-7169815FFA8D}.Release|Any CPU.ActiveCfg = Release|Any CPU
		{B573B111-6A22-4A79-9626-7169815FFA8D}.Release|Any CPU.Build.0 = Release|Any CPU
		{B573B111-6A22-4A79-9626-7169815FFA8D}.Release|x64.ActiveCfg = Release|Any CPU
		{B573B111-6A22-4A79-9626-7169815FFA8D}.Release|x64.Build.0 = Release|Any CPU
		{B573B111-6A22-4A79-9626-7169815FFA8D}.Release|x86.ActiveCfg = Release|Any CPU
		{B573B111-6A22-4A79-9626-7169815FFA8D}.Release|x86.Build.0 = Release|Any CPU
		{DB119204-44B7-4C79-B947-3E93A4A718E9}.Debug|Any CPU.ActiveCfg = Debug|Any CPU
		{DB119204-44B7-4C79-B947-3E93A4A718E9}.Debug|Any CPU.Build.0 = Debug|Any CPU
		{DB119204-44B7-4C79-B947-3E93A4A718E9}.Debug|x64.ActiveCfg = Debug|Any CPU
		{DB119204-44B7-4C79-B947-3E93A4A718E9}.Debug|x64.Build.0 = Debug|Any CPU
		{DB119204-44B7-4C79-B947-3E93A4A718E9}.Debug|x86.ActiveCfg = Debug|Any CPU
		{DB119204-44B7-4C79-B947-3E93A4A718E9}.Debug|x86.Build.0 = Debug|Any CPU
		{DB119204-44B7-4C79-B947-3E93A4A718E9}.Release|Any CPU.ActiveCfg = Release|Any CPU
		{DB119204-44B7-4C79-B947-3E93A4A718E9}.Release|Any CPU.Build.0 = Release|Any CPU
		{DB119204-44B7-4C79-B947-3E93A4A718E9}.Release|x64.ActiveCfg = Release|Any CPU
		{DB119204-44B7-4C79-B947-3E93A4A718E9}.Release|x64.Build.0 = Release|Any CPU
		{DB119204-44B7-4C79-B947-3E93A4A718E9}.Release|x86.ActiveCfg = Release|Any CPU
		{DB119204-44B7-4C79-B947-3E93A4A718E9}.Release|x86.Build.0 = Release|Any CPU
		{FD00DEE6-D00A-4448-B98C-7108A7073CBD}.Debug|Any CPU.ActiveCfg = Debug|Any CPU
		{FD00DEE6-D00A-4448-B98C-7108A7073CBD}.Debug|Any CPU.Build.0 = Debug|Any CPU
		{FD00DEE6-D00A-4448-B98C-7108A7073CBD}.Debug|x64.ActiveCfg = Debug|Any CPU
		{FD00DEE6-D00A-4448-B98C-7108A7073CBD}.Debug|x64.Build.0 = Debug|Any CPU
		{FD00DEE6-D00A-4448-B98C-7108A7073CBD}.Debug|x86.ActiveCfg = Debug|Any CPU
		{FD00DEE6-D00A-4448-B98C-7108A7073CBD}.Debug|x86.Build.0 = Debug|Any CPU
		{FD00DEE6-D00A-4448-B98C-7108A7073CBD}.Release|Any CPU.ActiveCfg = Release|Any CPU
		{FD00DEE6-D00A-4448-B98C-7108A7073CBD}.Release|Any CPU.Build.0 = Release|Any CPU
		{FD00DEE6-D00A-4448-B98C-7108A7073CBD}.Release|x64.ActiveCfg = Release|Any CPU
		{FD00DEE6-D00A-4448-B98C-7108A7073CBD}.Release|x64.Build.0 = Release|Any CPU
		{FD00DEE6-D00A-4448-B98C-7108A7073CBD}.Release|x86.ActiveCfg = Release|Any CPU
		{FD00DEE6-D00A-4448-B98C-7108A7073CBD}.Release|x86.Build.0 = Release|Any CPU
	EndGlobalSection
EndGlobal
